{
  "name": "Conway's Game of Life",
  "version": "0.0.1",
  "lockfileVersion": 2,
  "requires": true,
  "packages": {
    "": {
      "name": "Conway's Game of Life",
      "version": "0.0.1",
      "license": "MIT",
      "dependencies": {
        "@assemblyscript/loader": "^0.27.0"
      },
      "devDependencies": {
        "assemblyscript": "^0.27.0"
      }
    },
    "node_modules/@assemblyscript/loader": {
      "version": "0.27.5",
      "resolved": "https://registry.npmjs.org/@assemblyscript/loader/-/loader-0.27.5.tgz",
      "integrity": "sha512-DGEJQIKh/pMseal4i26haGutxNfs3nGzwY0MNseoFKcE3DKIXQ25deWpNOqIJQPvjS4FKH+oUpzsTv0oa17+xg=="
    },
    "node_modules/assemblyscript": {
      "version": "0.27.36",
      "resolved": "https://registry.npmjs.org/assemblyscript/-/assemblyscript-0.27.36.tgz",
      "integrity": "sha512-1qX2zf6p7l/mNYv8r21jC/Yft7kX7XKR3xUHw41zvV4xad5lyC8w7jZiwZBGoy64VKZLc+bTDJDWi8Kb70YrHA==",
      "dev": true,
      "dependencies": {
        "binaryen": "116.0.0-nightly.20240114",
        "long": "^5.2.4"
      },
      "bin": {
        "asc": "bin/asc.js",
        "asinit": "bin/asinit.js"
      },
      "engines": {
        "node": ">=18",
        "npm": ">=10"
      },
      "funding": {
        "type": "opencollective",
        "url": "https://opencollective.com/assemblyscript"
      }
    },
    "node_modules/binaryen": {
      "version": "116.0.0-nightly.20240114",
      "resolved": "https://registry.npmjs.org/binaryen/-/binaryen-116.0.0-nightly.20240114.tgz",
      "integrity": "sha512-0GZrojJnuhoe+hiwji7QFaL3tBlJoA+KFUN7ouYSDGZLSo9CKM8swQX8n/UcbR0d1VuZKU+nhogNzv423JEu5A==",
      "dev": true,
      "bin": {
        "wasm-opt": "bin/wasm-opt",
        "wasm2js": "bin/wasm2js"
      }
    },
    "node_modules/long": {
      "version": "5.3.2",
      "resolved": "https://registry.npmjs.org/long/-/long-5.3.2.tgz",
      "integrity": "sha512-mNAgZ1GmyNhD7AuqnTG3/VQ26o760+ZYBPKjPvugO8+nLbYfX6TVpJPseBvopbdY+qpZ/lKUnmEc1LeZYS3QAA==",
      "dev": true
    }
  },
  "dependencies": {
    "@assemblyscript/loader": {
      "version": "0.27.5",
      "resolved": "https://registry.npmjs.org/@assemblyscript/loader/-/loader-0.27.5.tgz",
      "integrity": "sha512-DGEJQIKh/pMseal4i26haGutxNfs3nGzwY0MNseoFKcE3DKIXQ25deWpNOqIJQPvjS4FKH+oUpzsTv0oa17+xg=="
    },
    "assemblyscript": {
      "version": "0.27.36",
      "resolved": "https://registry.npmjs.org/assemblyscript/-/assemblyscript-0.27.36.tgz",
      "integrity": "sha512-1qX2zf6p7l/mNYv8r21jC/Yft7kX7XKR3xUHw41zvV4xad5lyC8w7jZiwZBGoy64VKZLc+bTDJDWi8Kb70YrHA==",
      "dev": true,
      "requires": {
        "binaryen": "116.0.0-nightly.20240114",
        "long": "^5.2.4"
      }
    },
    "binaryen": {
      "version": "116.0.0-nightly.20240114",
      "resolved": "https://registry.npmjs.org/binaryen/-/binaryen-116.0.0-nightly.20240114.tgz",
      "integrity": "sha512-0GZrojJnuhoe+hiwji7QFaL3tBlJoA+KFUN7ouYSDGZLSo9CKM8swQX8n/UcbR0d1VuZKU+nhogNzv423JEu5A==",
      "dev": true
    },
    "long": {
      "version": "5.3.2",
      "resolved": "https://registry.npmjs.org/long/-/long-5.3.2.tgz",
      "integrity": "sha512-mNAgZ1GmyNhD7AuqnTG3/VQ26o760+ZYBPKjPvugO8+nLbYfX6TVpJPseBvopbdY+qpZ/lKUnmEc1LeZYS3QAA==",
      "dev": true
    }
  }
}
