{
  "name": "Conway's Game of Life",
  "version": "0.0.1",
  "lockfileVersion": 2,
  "requires": true,
  "packages": {
    "": {
      "name": "Conway's Game of Life",
      "version": "0.0.1",
      "license": "MIT",
      "dependencies": {
        "@assemblyscript/loader": "^0.27.0"
      },
      "devDependencies": {
        "assemblyscript": "^0.27.0"
      }
    },
    "node_modules/@assemblyscript/loader": {
      "version": "0.27.5",
      "resolved": "https://registry.npmjs.org/@assemblyscript/loader/-/loader-0.27.5.tgz",
      "integrity": "sha512-DGEJQIKh/pMseal4i26haGutxNfs3nGzwY0MNseoFKcE3DKIXQ25deWpNOqIJQPvjS4FKH+oUpzsTv0oa17+xg=="
    },
    "node_modules/assemblyscript": {
      "version": "0.27.19",
      "resolved": "https://registry.npmjs.org/assemblyscript/-/assemblyscript-0.27.19.tgz",
      "integrity": "sha512-nyxniN5TvXZktv1owJbdro+WP+5uuO/17BsaQoPYaoodfW8qv3dstog7ne0JzxqF+hTs2kVH0QmA1D1/rvDqIQ==",
      "dev": true,
      "dependencies": {
        "binaryen": "116.0.0-nightly.20231102",
        "long": "^5.2.1"
      },
      "bin": {
        "asc": "bin/asc.js",
        "asinit": "bin/asinit.js"
      },
      "engines": {
        "node": ">=16",
        "npm": ">=7"
      },
      "funding": {
        "type": "opencollective",
        "url": "https://opencollective.com/assemblyscript"
      }
    },
    "node_modules/binaryen": {
      "version": "116.0.0-nightly.20231102",
      "resolved": "https://registry.npmjs.org/binaryen/-/binaryen-116.0.0-nightly.20231102.tgz",
      "integrity": "sha512-aPU9tlKdw/gcXx6u4PxtDgOtGjg/ZKnYdk23ctYb70GxZgPhWnGWmnBt01aV5dt5yFFo2V4rbB7SzpSFhViFQA==",
      "dev": true,
      "bin": {
        "wasm-opt": "bin/wasm-opt",
        "wasm2js": "bin/wasm2js"
      }
    },
    "node_modules/long": {
      "version": "5.2.3",
      "resolved": "https://registry.npmjs.org/long/-/long-5.2.3.tgz",
      "integrity": "sha512-lcHwpNoggQTObv5apGNCTdJrO69eHOZMi4BNC+rTLER8iHAqGrUVeLh/irVIM7zTw2bOXA8T6uNPeujwOLg/2Q==",
      "dev": true
    }
  },
  "dependencies": {
    "@assemblyscript/loader": {
      "version": "0.27.5",
      "resolved": "https://registry.npmjs.org/@assemblyscript/loader/-/loader-0.27.5.tgz",
      "integrity": "sha512-DGEJQIKh/pMseal4i26haGutxNfs3nGzwY0MNseoFKcE3DKIXQ25deWpNOqIJQPvjS4FKH+oUpzsTv0oa17+xg=="
    },
    "assemblyscript": {
      "version": "0.27.19",
      "resolved": "https://registry.npmjs.org/assemblyscript/-/assemblyscript-0.27.19.tgz",
      "integrity": "sha512-nyxniN5TvXZktv1owJbdro+WP+5uuO/17BsaQoPYaoodfW8qv3dstog7ne0JzxqF+hTs2kVH0QmA1D1/rvDqIQ==",
      "dev": true,
      "requires": {
        "binaryen": "116.0.0-nightly.20231102",
        "long": "^5.2.1"
      }
    },
    "binaryen": {
      "version": "116.0.0-nightly.20231102",
      "resolved": "https://registry.npmjs.org/binaryen/-/binaryen-116.0.0-nightly.20231102.tgz",
      "integrity": "sha512-aPU9tlKdw/gcXx6u4PxtDgOtGjg/ZKnYdk23ctYb70GxZgPhWnGWmnBt01aV5dt5yFFo2V4rbB7SzpSFhViFQA==",
      "dev": true
    },
    "long": {
      "version": "5.2.3",
      "resolved": "https://registry.npmjs.org/long/-/long-5.2.3.tgz",
      "integrity": "sha512-lcHwpNoggQTObv5apGNCTdJrO69eHOZMi4BNC+rTLER8iHAqGrUVeLh/irVIM7zTw2bOXA8T6uNPeujwOLg/2Q==",
      "dev": true
    }
  }
}
