{
  "dependencies": {
    "@assemblyscript/loader": {
      "integrity": "sha512-fq+nWvQuwASkTgchjMsnLyharobzPJIKx4KGoSlkS1ffrsnjabok2oOH7jAIFW4RMz3JXjHxMONbAmcxzyrcUw==",
      "resolved": "https://registry.npmjs.org/@assemblyscript/loader/-/loader-0.18.32.tgz",
      "version": "0.18.32"
    },
    "assemblyscript": {
      "dev": true,
      "integrity": "sha512-s1N1qwdBhen2SLQApYCtRIPWm1Am3oAbW58GCEKbeN6ZbQRh7nq0pv4RDqKw6CgK7dySn/F2S1D6p0scyRbQRw==",
      "requires": {
        "binaryen": "100.0.0",
        "long": "^4.0.0"
      },
      "resolved": "https://registry.npmjs.org/assemblyscript/-/assemblyscript-0.18.15.tgz",
      "version": "0.18.15"
    },
    "binaryen": {
      "dev": true,
      "integrity": "sha512-nxOt8d8/VXAuSVEtAWUdKrqpqCy365QqD223EzzB1GzS5himiZAfM/R5lXx+M/5q8TB8cYp3tYxv5rTjNTJveQ==",
      "resolved": "https://registry.npmjs.org/binaryen/-/binaryen-100.0.0.tgz",
      "version": "100.0.0"
    },
    "long": {
      "dev": true,
      "integrity": "sha512-XsP+KhQif4bjX1kbuSiySJFNAehNxgLb6hPRGJ9QsUr8ajHkuXGdrHmFUTUUXhDwVX2R5bY4JNZEwbUiMhV+MA==",
      "resolved": "https://registry.npmjs.org/long/-/long-4.0.0.tgz",
      "version": "4.0.0"
    }
  },
  "lockfileVersion": 2,
  "name": "life",
  "packages": {
    "": {
      "dependencies": {
        "@assemblyscript/loader": "^0.18.15"
      },
      "devDependencies": {
        "assemblyscript": "^0.18.15"
      },
      "license": "MIT",
      "name": "life",
      "version": "0.0.1"
    },
    "node_modules/@assemblyscript/loader": {
      "integrity": "sha512-fq+nWvQuwASkTgchjMsnLyharobzPJIKx4KGoSlkS1ffrsnjabok2oOH7jAIFW4RMz3JXjHxMONbAmcxzyrcUw==",
      "resolved": "https://registry.npmjs.org/@assemblyscript/loader/-/loader-0.18.32.tgz",
      "version": "0.18.32"
    },
    "node_modules/assemblyscript": {
      "bin": {
        "asc": "bin/asc",
        "asinit": "bin/asinit"
      },
      "dependencies": {
        "binaryen": "100.0.0",
        "long": "^4.0.0"
      },
      "dev": true,
      "funding": {
        "type": "opencollective",
        "url": "https://opencollective.com/assemblyscript"
      },
      "integrity": "sha512-s1N1qwdBhen2SLQApYCtRIPWm1Am3oAbW58GCEKbeN6ZbQRh7nq0pv4RDqKw6CgK7dySn/F2S1D6p0scyRbQRw==",
      "resolved": "https://registry.npmjs.org/assemblyscript/-/assemblyscript-0.18.15.tgz",
      "version": "0.18.15"
    },
    "node_modules/binaryen": {
      "bin": {
        "wasm-opt": "bin/wasm-opt"
      },
      "dev": true,
      "integrity": "sha512-nxOt8d8/VXAuSVEtAWUdKrqpqCy365QqD223EzzB1GzS5himiZAfM/R5lXx+M/5q8TB8cYp3tYxv5rTjNTJveQ==",
      "resolved": "https://registry.npmjs.org/binaryen/-/binaryen-100.0.0.tgz",
      "version": "100.0.0"
    },
    "node_modules/long": {
      "dev": true,
      "integrity": "sha512-XsP+KhQif4bjX1kbuSiySJFNAehNxgLb6hPRGJ9QsUr8ajHkuXGdrHmFUTUUXhDwVX2R5bY4JNZEwbUiMhV+MA==",
      "resolved": "https://registry.npmjs.org/long/-/long-4.0.0.tgz",
      "version": "4.0.0"
    }
  },
  "requires": true,
  "version": "0.0.1"
}
